
Microsoft Visual Studio Solution File, Format Version 12.00
# Visual Studio 2012
Project("{FAE04EC0-301F-11D3-BF4B-00C04F79EFBC}") = "RaspberryCam", "RaspberryCam\RaspberryCam.csproj", "{73591E5B-4423-4623-A94C-E8A952E643EC}"
EndProject
Project("{FAE04EC0-301F-11D3-BF4B-00C04F79EFBC}") = "RaspberryCam.ServerExample", "RaspberryCam.TestApplication\RaspberryCam.ServerExample.csproj", "{2C999EA8-C8BD-4EA2-A175-7341C62CE8D0}"
EndProject
Project("{FAE04EC0-301F-11D3-BF4B-00C04F79EFBC}") = "RaspberryCam.VideoViewer", "RaspberryCam.VideoViewer\RaspberryCam.VideoViewer.csproj", "{E3D826DC-F5DD-43E7-95AF-F988B3E2AC8A}"
EndProject
Project("{FAE04EC0-301F-11D3-BF4B-00C04F79EFBC}") = "RaspberryCam.CompressionLearning", "RaspberryCam.CompressionLearning\RaspberryCam.CompressionLearning.csproj", "{F7224097-6C84-48F7-9029-36BA70632083}"
EndProject
Project("{FAE04EC0-301F-11D3-BF4B-00C04F79EFBC}") = "RaspberryCam.Tests", "RaspberryCam.Tests\RaspberryCam.Tests.csproj", "{F594C912-331D-4B00-862A-D8505A76FF3F}"
EndProject
Global
	GlobalSection(SolutionConfigurationPlatforms) = preSolution
		Debug|Any CPU = Debug|Any CPU
		Release|Any CPU = Release|Any CPU
	EndGlobalSection
	GlobalSection(ProjectConfigurationPlatforms) = postSolution
		{73591E5B-4423-4623-A94C-E8A952E643EC}.Debug|Any CPU.ActiveCfg = Debug|Any CPU
		{73591E5B-4423-4623-A94C-E8A952E643EC}.Debug|Any CPU.Build.0 = Debug|Any CPU
		{73591E5B-4423-4623-A94C-E8A952E643EC}.Release|Any CPU.ActiveCfg = Release|Any CPU
		{73591E5B-4423-4623-A94C-E8A952E643EC}.Release|Any CPU.Build.0 = Release|Any CPU
		{2C999EA8-C8BD-4EA2-A175-7341C62CE8D0}.Debug|Any CPU.ActiveCfg = Debug|Any CPU
		{2C999EA8-C8BD-4EA2-A175-7341C62CE8D0}.Debug|Any CPU.Build.0 = Debug|Any CPU
		{2C999EA8-C8BD-4EA2-A175-7341C62CE8D0}.Release|Any CPU.ActiveCfg = Release|Any CPU
		{2C999EA8-C8BD-4EA2-A175-7341C62CE8D0}.Release|Any CPU.Build.0 = Release|Any CPU
		{E3D826DC-F5DD-43E7-95AF-F988B3E2AC8A}.Debug|Any CPU.ActiveCfg = Debug|Any CPU
		{E3D826DC-F5DD-43E7-95AF-F988B3E2AC8A}.Debug|Any CPU.Build.0 = Debug|Any CPU
		{E3D826DC-F5DD-43E7-95AF-F988B3E2AC8A}.Release|Any CPU.ActiveCfg = Release|Any CPU
		{E3D826DC-F5DD-43E7-95AF-F988B3E2AC8A}.Release|Any CPU.Build.0 = Release|Any CPU
		{F7224097-6C84-48F7-9029-36BA70632083}.Debug|Any CPU.ActiveCfg = Debug|Any CPU
		{F7224097-6C84-48F7-9029-36BA70632083}.Debug|Any CPU.Build.0 = Debug|Any CPU
		{F7224097-6C84-48F7-9029-36BA70632083}.Release|Any CPU.ActiveCfg = Release|Any CPU
		{F7224097-6C84-48F7-9029-36BA70632083}.Release|Any CPU.Build.0 = Release|Any CPU
		{F594C912-331D-4B00-862A-D8505A76FF3F}.Debug|Any CPU.ActiveCfg = Debug|Any CPU
		{F594C912-331D-4B00-862A-D8505A76FF3F}.Debug|Any CPU.Build.0 = Debug|Any CPU
		{F594C912-331D-4B00-862A-D8505A76FF3F}.Release|Any CPU.ActiveCfg = Release|Any CPU
		{F594C912-331D-4B00-862A-D8505A76FF3F}.Release|Any CPU.Build.0 = Release|Any CPU
	EndGlobalSection
	GlobalSection(SolutionProperties) = preSolution
		HideSolutionNode = FALSE
	EndGlobalSection
EndGlobal
