
Microsoft Visual Studio Solution File, Format Version 12.00
# Visual Studio 2012
Project("{FAE04EC0-301F-11D3-BF4B-00C04F79EFBC}") = "RaspberryCam", "RaspberryCam\RaspberryCam.csproj", "{73591E5B-4423-4623-A94C-E8A952E643EC}"
EndProject
Project("{FAE04EC0-301F-11D3-BF4B-00C04F79EFBC}") = "RaspberryCam.TestApplication", "RaspberryCam.TestApplication\RaspberryCam.TestApplication.csproj", "{2C999EA8-C8BD-4EA2-A175-7341C62CE8D0}"
EndProject
Global
	GlobalSection(SolutionConfigurationPlatforms) = preSolution
		Debug|Any CPU = Debug|Any CPU
		Release|Any CPU = Release|Any CPU
	EndGlobalSection
	GlobalSection(ProjectConfigurationPlatforms) = postSolution
		{73591E5B-4423-4623-A94C-E8A952E643EC}.Debug|Any CPU.ActiveCfg = Debug|Any CPU
		{73591E5B-4423-4623-A94C-E8A952E643EC}.Debug|Any CPU.Build.0 = Debug|Any CPU
		{73591E5B-4423-4623-A94C-E8A952E643EC}.Release|Any CPU.ActiveCfg = Release|Any CPU
		{73591E5B-4423-4623-A94C-E8A952E643EC}.Release|Any CPU.Build.0 = Release|Any CPU
		{2C999EA8-C8BD-4EA2-A175-7341C62CE8D0}.Debug|Any CPU.ActiveCfg = Debug|Any CPU
		{2C999EA8-C8BD-4EA2-A175-7341C62CE8D0}.Debug|Any CPU.Build.0 = Debug|Any CPU
		{2C999EA8-C8BD-4EA2-A175-7341C62CE8D0}.Release|Any CPU.ActiveCfg = Release|Any CPU
		{2C999EA8-C8BD-4EA2-A175-7341C62CE8D0}.Release|Any CPU.Build.0 = Release|Any CPU
	EndGlobalSection
	GlobalSection(SolutionProperties) = preSolution
		HideSolutionNode = FALSE
	EndGlobalSection
EndGlobal
